{
    "version": 3,
    "terraform_version": "0.11.11",
    "serial": 27,
    "lineage": "5053e5e9-338b-d3d8-ce9b-58582f420f5f",
    "modules": [
        {
            "path": [
                "root"
            ],
            "outputs": {},
            "resources": {
                "azurerm_lb.myterraformlb": {
                    "type": "azurerm_lb",
                    "depends_on": [
                        "azurerm_public_ip.myterraformpublicipforlb",
                        "azurerm_resource_group.myterraformgroup"
                    ],
                    "primary": {
                        "id": "/subscriptions/72fe589e-571b-4552-afaf-8de7d9c7e083/resourceGroups/myResourceGroup/providers/Microsoft.Network/loadBalancers/myLB",
                        "attributes": {
                            "frontend_ip_configuration.#": "1",
                            "frontend_ip_configuration.0.inbound_nat_rules.#": "0",
                            "frontend_ip_configuration.0.load_balancer_rules.#": "0",
                            "frontend_ip_configuration.0.name": "PublicIPAddress",
                            "frontend_ip_configuration.0.private_ip_address": "",
                            "frontend_ip_configuration.0.private_ip_address_allocation": "Dynamic",
                            "frontend_ip_configuration.0.public_ip_address_id": "/subscriptions/72fe589e-571b-4552-afaf-8de7d9c7e083/resourceGroups/myResourceGroup/providers/Microsoft.Network/publicIPAddresses/myPublicIPForLB",
                            "frontend_ip_configuration.0.subnet_id": "",
                            "frontend_ip_configuration.0.zones.#": "0",
                            "id": "/subscriptions/72fe589e-571b-4552-afaf-8de7d9c7e083/resourceGroups/myResourceGroup/providers/Microsoft.Network/loadBalancers/myLB",
                            "location": "westeurope",
                            "name": "myLB",
                            "private_ip_address": "",
                            "private_ip_addresses.#": "0",
                            "resource_group_name": "myResourceGroup",
                            "sku": "Basic",
                            "tags.%": "1",
                            "tags.environment": "Terraform Demo"
                        },
                        "meta": {},
                        "tainted": false
                    },
                    "deposed": [],
                    "provider": "provider.azurerm"
                },
                "azurerm_network_interface.myterraformnic": {
                    "type": "azurerm_network_interface",
                    "depends_on": [
                        "azurerm_network_security_group.myterraformnsg",
                        "azurerm_public_ip.myterraformpublicip1",
                        "azurerm_resource_group.myterraformgroup",
                        "azurerm_subnet.myterraformsubnet"
                    ],
                    "primary": {
                        "id": "/subscriptions/72fe589e-571b-4552-afaf-8de7d9c7e083/resourceGroups/myResourceGroup/providers/Microsoft.Network/networkInterfaces/myNIC",
                        "attributes": {
                            "applied_dns_servers.#": "0",
                            "dns_servers.#": "0",
                            "enable_accelerated_networking": "false",
                            "enable_ip_forwarding": "false",
                            "id": "/subscriptions/72fe589e-571b-4552-afaf-8de7d9c7e083/resourceGroups/myResourceGroup/providers/Microsoft.Network/networkInterfaces/myNIC",
                            "internal_dns_name_label": "",
                            "internal_fqdn": "",
                            "ip_configuration.#": "1",
                            "ip_configuration.0.application_gateway_backend_address_pools_ids.#": "0",
                            "ip_configuration.0.application_security_group_ids.#": "0",
                            "ip_configuration.0.load_balancer_backend_address_pools_ids.#": "0",
                            "ip_configuration.0.load_balancer_inbound_nat_rules_ids.#": "0",
                            "ip_configuration.0.name": "myNicConfiguration",
                            "ip_configuration.0.primary": "true",
                            "ip_configuration.0.private_ip_address": "",
                            "ip_configuration.0.private_ip_address_allocation": "dynamic",
                            "ip_configuration.0.private_ip_address_version": "IPv4",
                            "ip_configuration.0.public_ip_address_id": "/subscriptions/72fe589e-571b-4552-afaf-8de7d9c7e083/resourceGroups/myResourceGroup/providers/Microsoft.Network/publicIPAddresses/myPublicIP1",
                            "ip_configuration.0.subnet_id": "/subscriptions/72fe589e-571b-4552-afaf-8de7d9c7e083/resourceGroups/myResourceGroup/providers/Microsoft.Network/virtualNetworks/myVnet/subnets/mySubnet",
                            "location": "westeurope",
                            "mac_address": "00-0D-3A-3A-01-A3",
                            "name": "myNIC",
                            "network_security_group_id": "/subscriptions/72fe589e-571b-4552-afaf-8de7d9c7e083/resourceGroups/myResourceGroup/providers/Microsoft.Network/networkSecurityGroups/myNetworkSecurityGroup",
                            "private_ip_address": "10.0.2.4",
                            "private_ip_addresses.#": "1",
                            "private_ip_addresses.0": "10.0.2.4",
                            "resource_group_name": "myResourceGroup",
                            "tags.%": "1",
                            "tags.environment": "Terraform Demo",
                            "virtual_machine_id": "/subscriptions/72fe589e-571b-4552-afaf-8de7d9c7e083/resourceGroups/myResourceGroup/providers/Microsoft.Compute/virtualMachines/myVM"
                        },
                        "meta": {},
                        "tainted": false
                    },
                    "deposed": [],
                    "provider": "provider.azurerm"
                },
                "azurerm_network_security_group.myterraformnsg": {
                    "type": "azurerm_network_security_group",
                    "depends_on": [
                        "azurerm_resource_group.myterraformgroup"
                    ],
                    "primary": {
                        "id": "/subscriptions/72fe589e-571b-4552-afaf-8de7d9c7e083/resourceGroups/myResourceGroup/providers/Microsoft.Network/networkSecurityGroups/myNetworkSecurityGroup",
                        "attributes": {
                            "id": "/subscriptions/72fe589e-571b-4552-afaf-8de7d9c7e083/resourceGroups/myResourceGroup/providers/Microsoft.Network/networkSecurityGroups/myNetworkSecurityGroup",
                            "location": "westeurope",
                            "name": "myNetworkSecurityGroup",
                            "resource_group_name": "myResourceGroup",
                            "security_rule.#": "2",
                            "security_rule.2090309246.access": "Allow",
                            "security_rule.2090309246.description": "",
                            "security_rule.2090309246.destination_address_prefix": "*",
                            "security_rule.2090309246.destination_address_prefixes.#": "0",
                            "security_rule.2090309246.destination_application_security_group_ids.#": "0",
                            "security_rule.2090309246.destination_port_range": "22",
                            "security_rule.2090309246.destination_port_ranges.#": "0",
                            "security_rule.2090309246.direction": "Inbound",
                            "security_rule.2090309246.name": "SSH",
                            "security_rule.2090309246.priority": "1001",
                            "security_rule.2090309246.protocol": "Tcp",
                            "security_rule.2090309246.source_address_prefix": "*",
                            "security_rule.2090309246.source_address_prefixes.#": "0",
                            "security_rule.2090309246.source_application_security_group_ids.#": "0",
                            "security_rule.2090309246.source_port_range": "*",
                            "security_rule.2090309246.source_port_ranges.#": "0",
                            "security_rule.4090516096.access": "Allow",
                            "security_rule.4090516096.description": "",
                            "security_rule.4090516096.destination_address_prefix": "*",
                            "security_rule.4090516096.destination_address_prefixes.#": "0",
                            "security_rule.4090516096.destination_application_security_group_ids.#": "0",
                            "security_rule.4090516096.destination_port_range": "8080",
                            "security_rule.4090516096.destination_port_ranges.#": "0",
                            "security_rule.4090516096.direction": "Inbound",
                            "security_rule.4090516096.name": "HTTP",
                            "security_rule.4090516096.priority": "1002",
                            "security_rule.4090516096.protocol": "Tcp",
                            "security_rule.4090516096.source_address_prefix": "*",
                            "security_rule.4090516096.source_address_prefixes.#": "0",
                            "security_rule.4090516096.source_application_security_group_ids.#": "0",
                            "security_rule.4090516096.source_port_range": "*",
                            "security_rule.4090516096.source_port_ranges.#": "0",
                            "tags.%": "1",
                            "tags.environment": "Terraform Demo"
                        },
                        "meta": {},
                        "tainted": false
                    },
                    "deposed": [],
                    "provider": "provider.azurerm"
                },
                "azurerm_public_ip.myterraformpublicip1": {
                    "type": "azurerm_public_ip",
                    "depends_on": [
                        "azurerm_resource_group.myterraformgroup"
                    ],
                    "primary": {
                        "id": "/subscriptions/72fe589e-571b-4552-afaf-8de7d9c7e083/resourceGroups/myResourceGroup/providers/Microsoft.Network/publicIPAddresses/myPublicIP1",
                        "attributes": {
                            "allocation_method": "Dynamic",
                            "id": "/subscriptions/72fe589e-571b-4552-afaf-8de7d9c7e083/resourceGroups/myResourceGroup/providers/Microsoft.Network/publicIPAddresses/myPublicIP1",
                            "idle_timeout_in_minutes": "4",
                            "ip_address": "40.115.1.192",
                            "ip_version": "IPv4",
                            "location": "westeurope",
                            "name": "myPublicIP1",
                            "public_ip_address_allocation": "Dynamic",
                            "resource_group_name": "myResourceGroup",
                            "sku": "Basic",
                            "tags.%": "1",
                            "tags.environment": "Terraform Demo",
                            "zones.#": "0"
                        },
                        "meta": {},
                        "tainted": false
                    },
                    "deposed": [],
                    "provider": "provider.azurerm"
                },
                "azurerm_public_ip.myterraformpublicipforlb": {
                    "type": "azurerm_public_ip",
                    "depends_on": [
                        "azurerm_resource_group.myterraformgroup"
                    ],
                    "primary": {
                        "id": "/subscriptions/72fe589e-571b-4552-afaf-8de7d9c7e083/resourceGroups/myResourceGroup/providers/Microsoft.Network/publicIPAddresses/myPublicIPForLB",
                        "attributes": {
                            "allocation_method": "Static",
                            "id": "/subscriptions/72fe589e-571b-4552-afaf-8de7d9c7e083/resourceGroups/myResourceGroup/providers/Microsoft.Network/publicIPAddresses/myPublicIPForLB",
                            "idle_timeout_in_minutes": "4",
                            "ip_address": "40.113.114.46",
                            "ip_version": "IPv4",
                            "location": "westeurope",
                            "name": "myPublicIPForLB",
                            "public_ip_address_allocation": "Static",
                            "resource_group_name": "myResourceGroup",
                            "sku": "Basic",
                            "tags.%": "1",
                            "tags.environment": "Terraform Demo",
                            "zones.#": "0"
                        },
                        "meta": {},
                        "tainted": false
                    },
                    "deposed": [],
                    "provider": "provider.azurerm"
                },
                "azurerm_resource_group.myterraformgroup": {
                    "type": "azurerm_resource_group",
                    "depends_on": [],
                    "primary": {
                        "id": "/subscriptions/72fe589e-571b-4552-afaf-8de7d9c7e083/resourceGroups/myResourceGroup",
                        "attributes": {
                            "id": "/subscriptions/72fe589e-571b-4552-afaf-8de7d9c7e083/resourceGroups/myResourceGroup",
                            "location": "westeurope",
                            "name": "myResourceGroup",
                            "tags.%": "1",
                            "tags.environment": "Terraform Demo"
                        },
                        "meta": {},
                        "tainted": false
                    },
                    "deposed": [],
                    "provider": "provider.azurerm"
                },
                "azurerm_storage_account.mystorageaccount": {
                    "type": "azurerm_storage_account",
                    "depends_on": [
                        "azurerm_resource_group.myterraformgroup",
                        "random_id.randomId"
                    ],
                    "primary": {
                        "id": "/subscriptions/72fe589e-571b-4552-afaf-8de7d9c7e083/resourceGroups/myResourceGroup/providers/Microsoft.Storage/storageAccounts/diag23194af38ec6ede7",
                        "attributes": {
                            "access_tier": "",
                            "account_encryption_source": "Microsoft.Storage",
                            "account_kind": "Storage",
                            "account_replication_type": "LRS",
                            "account_tier": "Standard",
                            "account_type": "Standard_LRS",
                            "enable_blob_encryption": "true",
                            "enable_file_encryption": "true",
                            "enable_https_traffic_only": "false",
                            "id": "/subscriptions/72fe589e-571b-4552-afaf-8de7d9c7e083/resourceGroups/myResourceGroup/providers/Microsoft.Storage/storageAccounts/diag23194af38ec6ede7",
                            "identity.#": "0",
                            "location": "westeurope",
                            "name": "diag23194af38ec6ede7",
                            "network_rules.#": "0",
                            "primary_access_key": "w/BkXNuRjcPqAmN9VdxXEWMQnZJKdOxkbGQ5vkkBlh2XeBa5NK5vW/yGbJj2/RAc83Gr47JBgnNhTHWgtRLN6g==",
                            "primary_blob_connection_string": "DefaultEndpointsProtocol=https;BlobEndpoint=https://diag23194af38ec6ede7.blob.core.windows.net/;AccountName=diag23194af38ec6ede7;AccountKey=w/BkXNuRjcPqAmN9VdxXEWMQnZJKdOxkbGQ5vkkBlh2XeBa5NK5vW/yGbJj2/RAc83Gr47JBgnNhTHWgtRLN6g==",
                            "primary_blob_endpoint": "https://diag23194af38ec6ede7.blob.core.windows.net/",
                            "primary_connection_string": "DefaultEndpointsProtocol=https;AccountName=diag23194af38ec6ede7;AccountKey=w/BkXNuRjcPqAmN9VdxXEWMQnZJKdOxkbGQ5vkkBlh2XeBa5NK5vW/yGbJj2/RAc83Gr47JBgnNhTHWgtRLN6g==;EndpointSuffix=core.windows.net",
                            "primary_file_endpoint": "https://diag23194af38ec6ede7.file.core.windows.net/",
                            "primary_location": "westeurope",
                            "primary_queue_endpoint": "https://diag23194af38ec6ede7.queue.core.windows.net/",
                            "primary_table_endpoint": "https://diag23194af38ec6ede7.table.core.windows.net/",
                            "resource_group_name": "myResourceGroup",
                            "secondary_access_key": "7z7LUUqVjHuiUpVG2eXh5oNC7ck/kLCf28DX1yoW5JVraOJB0xBDXmNEqY/jlNIvM76/KAU+LOdhlc6jV72r+Q==",
                            "secondary_connection_string": "DefaultEndpointsProtocol=https;AccountName=diag23194af38ec6ede7;AccountKey=7z7LUUqVjHuiUpVG2eXh5oNC7ck/kLCf28DX1yoW5JVraOJB0xBDXmNEqY/jlNIvM76/KAU+LOdhlc6jV72r+Q==;EndpointSuffix=core.windows.net",
                            "secondary_location": "",
                            "tags.%": "1",
                            "tags.environment": "Terraform Demo"
                        },
                        "meta": {
                            "schema_version": "2"
                        },
                        "tainted": false
                    },
                    "deposed": [],
                    "provider": "provider.azurerm"
                },
                "azurerm_subnet.myterraformsubnet": {
                    "type": "azurerm_subnet",
                    "depends_on": [
                        "azurerm_resource_group.myterraformgroup",
                        "azurerm_virtual_network.myterraformnetwork"
                    ],
                    "primary": {
                        "id": "/subscriptions/72fe589e-571b-4552-afaf-8de7d9c7e083/resourceGroups/myResourceGroup/providers/Microsoft.Network/virtualNetworks/myVnet/subnets/mySubnet",
                        "attributes": {
                            "address_prefix": "10.0.2.0/24",
                            "delegation.#": "0",
                            "id": "/subscriptions/72fe589e-571b-4552-afaf-8de7d9c7e083/resourceGroups/myResourceGroup/providers/Microsoft.Network/virtualNetworks/myVnet/subnets/mySubnet",
                            "ip_configurations.#": "1",
                            "ip_configurations.2579121244": "/subscriptions/72fe589e-571b-4552-afaf-8de7d9c7e083/resourceGroups/myResourceGroup/providers/Microsoft.Network/networkInterfaces/myNIC/ipConfigurations/myNicConfiguration",
                            "name": "mySubnet",
                            "network_security_group_id": "",
                            "resource_group_name": "myResourceGroup",
                            "route_table_id": "",
                            "service_endpoints.#": "0",
                            "virtual_network_name": "myVnet"
                        },
                        "meta": {},
                        "tainted": false
                    },
                    "deposed": [],
                    "provider": "provider.azurerm"
                },
                "azurerm_virtual_machine.myterraformvm": {
                    "type": "azurerm_virtual_machine",
                    "depends_on": [
                        "azurerm_network_interface.myterraformnic",
                        "azurerm_resource_group.myterraformgroup",
                        "azurerm_storage_account.mystorageaccount"
                    ],
                    "primary": {
                        "id": "/subscriptions/72fe589e-571b-4552-afaf-8de7d9c7e083/resourceGroups/myResourceGroup/providers/Microsoft.Compute/virtualMachines/myVM",
                        "attributes": {
                            "boot_diagnostics.#": "1",
                            "boot_diagnostics.0.enabled": "true",
                            "boot_diagnostics.0.storage_uri": "https://diag23194af38ec6ede7.blob.core.windows.net/",
                            "delete_data_disks_on_termination": "false",
                            "delete_os_disk_on_termination": "false",
                            "id": "/subscriptions/72fe589e-571b-4552-afaf-8de7d9c7e083/resourceGroups/myResourceGroup/providers/Microsoft.Compute/virtualMachines/myVM",
                            "identity.#": "0",
                            "location": "westeurope",
                            "name": "myVM",
                            "network_interface_ids.#": "1",
                            "network_interface_ids.0": "/subscriptions/72fe589e-571b-4552-afaf-8de7d9c7e083/resourceGroups/myResourceGroup/providers/Microsoft.Network/networkInterfaces/myNIC",
                            "os_profile.#": "1",
                            "os_profile.1770182618.admin_password": "",
                            "os_profile.1770182618.admin_username": "azureuser",
                            "os_profile.1770182618.computer_name": "myvm",
                            "os_profile.1770182618.custom_data": "",
                            "os_profile_linux_config.#": "1",
                            "os_profile_linux_config.2972667452.disable_password_authentication": "false",
                            "os_profile_linux_config.2972667452.ssh_keys.#": "0",
                            "os_profile_secrets.#": "0",
                            "os_profile_windows_config.#": "0",
                            "plan.#": "0",
                            "resource_group_name": "myResourceGroup",
                            "storage_data_disk.#": "0",
                            "storage_image_reference.#": "1",
                            "storage_image_reference.363552096.id": "",
                            "storage_image_reference.363552096.offer": "UbuntuServer",
                            "storage_image_reference.363552096.publisher": "Canonical",
                            "storage_image_reference.363552096.sku": "16.04.0-LTS",
                            "storage_image_reference.363552096.version": "latest",
                            "storage_os_disk.#": "1",
                            "storage_os_disk.0.caching": "ReadWrite",
                            "storage_os_disk.0.create_option": "FromImage",
                            "storage_os_disk.0.disk_size_gb": "30",
                            "storage_os_disk.0.image_uri": "",
                            "storage_os_disk.0.managed_disk_id": "/subscriptions/72fe589e-571b-4552-afaf-8de7d9c7e083/resourceGroups/myResourceGroup/providers/Microsoft.Compute/disks/myOsDisk",
                            "storage_os_disk.0.managed_disk_type": "Premium_LRS",
                            "storage_os_disk.0.name": "myOsDisk",
                            "storage_os_disk.0.os_type": "Linux",
                            "storage_os_disk.0.vhd_uri": "",
                            "storage_os_disk.0.write_accelerator_enabled": "false",
                            "tags.%": "1",
                            "tags.environment": "Terraform Demo",
                            "vm_size": "Standard_DS1_v2",
                            "zones.#": "0"
                        },
                        "meta": {},
                        "tainted": false
                    },
                    "deposed": [],
                    "provider": "provider.azurerm"
                },
                "azurerm_virtual_network.myterraformnetwork": {
                    "type": "azurerm_virtual_network",
                    "depends_on": [
                        "azurerm_resource_group.myterraformgroup"
                    ],
                    "primary": {
                        "id": "/subscriptions/72fe589e-571b-4552-afaf-8de7d9c7e083/resourceGroups/myResourceGroup/providers/Microsoft.Network/virtualNetworks/myVnet",
                        "attributes": {
                            "address_space.#": "1",
                            "address_space.0": "10.0.0.0/16",
                            "dns_servers.#": "0",
                            "id": "/subscriptions/72fe589e-571b-4552-afaf-8de7d9c7e083/resourceGroups/myResourceGroup/providers/Microsoft.Network/virtualNetworks/myVnet",
                            "location": "westeurope",
                            "name": "myVnet",
                            "resource_group_name": "myResourceGroup",
                            "subnet.#": "1",
                            "subnet.2077117380.address_prefix": "10.0.2.0/24",
                            "subnet.2077117380.id": "/subscriptions/72fe589e-571b-4552-afaf-8de7d9c7e083/resourceGroups/myResourceGroup/providers/Microsoft.Network/virtualNetworks/myVnet/subnets/mySubnet",
                            "subnet.2077117380.name": "mySubnet",
                            "subnet.2077117380.security_group": "",
                            "tags.%": "1",
                            "tags.environment": "Terraform Demo"
                        },
                        "meta": {},
                        "tainted": false
                    },
                    "deposed": [],
                    "provider": "provider.azurerm"
                },
                "random_id.randomId": {
                    "type": "random_id",
                    "depends_on": [
                        "azurerm_resource_group.myterraformgroup"
                    ],
                    "primary": {
                        "id": "IxlK847G7ec",
                        "attributes": {
                            "b64": "IxlK847G7ec",
                            "b64_std": "IxlK847G7ec=",
                            "b64_url": "IxlK847G7ec",
                            "byte_length": "8",
                            "dec": "2529135075678154215",
                            "hex": "23194af38ec6ede7",
                            "id": "IxlK847G7ec",
                            "keepers.%": "1",
                            "keepers.resource_group": "myResourceGroup"
                        },
                        "meta": {},
                        "tainted": false
                    },
                    "deposed": [],
                    "provider": "provider.random"
                }
            },
            "depends_on": []
        }
    ]
}
